{
  "name": "my-closet-app",
  "version": "1.4.3",
  "lockfileVersion": 3,
  "requires": true,
  "packages": {
    "": {
      "version": "1.4.3",
      "dependencies": {
        "uview-plus": "^3.3.0"
      },
      "engines": {
        "HBuilderX": "^3.7.0",
        "uni-app": "^4.03",
        "uni-app-x": ""
      }
    },
    "node_modules/uview-plus": {
      "version": "3.8.55",
      "resolved": "https://registry.npmjs.org/uview-plus/-/uview-plus-3.8.55.tgz",
      "integrity": "sha512-OcjitgqLWZzMZuq93YSfpvOzyFvOuhGC6Lh4cljX28bNmDImoe14IhOpW8tcLcjLilbEOZJBYxbvpZpGAdiQxQ==",
      "engines": {
        "HBuilderX": "^3.1.0",
        "uni-app": "^4.66",
        "uni-app-x": ""
      }
    }
  }
}
